
Microsoft Visual Studio Solution File, Format Version 12.00
# Visual Studio 15
VisualStudioVersion = 15.0.28010.2016
MinimumVisualStudioVersion = 10.0.40219.1
Project("{8BC9CEB8-8B4A-11D0-8D11-00A0C91BC942}") = "hello", "hello\hello.vcxproj", "{30A0B2F2-EBC2-4402-98B0-2F8B122D4326}"
EndProject
Global
	GlobalSection(SolutionConfigurationPlatforms) = preSolution
		Debug|x64 = Debug|x64
		Debug|x86 = Debug|x86
		Release|x64 = Release|x64
		Release|x86 = Release|x86
	EndGlobalSection
	GlobalSection(ProjectConfigurationPlatforms) = postSolution
		{30A0B2F2-EBC2-4402-98B0-2F8B122D4326}.Debug|x64.ActiveCfg = Debug|x64
		{30A0B2F2-EBC2-4402-98B0-2F8B122D4326}.Debug|x64.Build.0 = Debug|x64
		{30A0B2F2-EBC2-4402-98B0-2F8B122D4326}.Debug|x86.ActiveCfg = Debug|Win32
		{30A0B2F2-EBC2-4402-98B0-2F8B122D4326}.Debug|x86.Build.0 = Debug|Win32
		{30A0B2F2-EBC2-4402-98B0-2F8B122D4326}.Release|x64.ActiveCfg = Release|x64
		{30A0B2F2-EBC2-4402-98B0-2F8B122D4326}.Release|x64.Build.0 = Release|x64
		{30A0B2F2-EBC2-4402-98B0-2F8B122D4326}.Release|x86.ActiveCfg = Release|Win32
		{30A0B2F2-EBC2-4402-98B0-2F8B122D4326}.Release|x86.Build.0 = Release|Win32
	EndGlobalSection
	GlobalSection(SolutionProperties) = preSolution
		HideSolutionNode = FALSE
	EndGlobalSection
	GlobalSection(ExtensibilityGlobals) = postSolution
		SolutionGuid = {3BCEA4E4-9178-4C80-B44C-8A60DAE3522E}
	EndGlobalSection
EndGlobal
